// !$*UTF8*$!
{
	archiveVersion = 1;
	classes = {
	};
	objectVersion = 46;
	objects = {

/* Begin PBXBuildFile section */
		09362BE11EB95D8C001FAA46 /* CATiledLayerTestVC.m in Sources */ = {isa = PBXBuildFile; fileRef = 09362BE01EB95D8C001FAA46 /* CATiledLayerTestVC.m */; };
		09362BEE1EBAAC51001FAA46 /* CAEmitterLayerTestVC.m in Sources */ = {isa = PBXBuildFile; fileRef = 09362BED1EBAAC51001FAA46 /* CAEmitterLayerTestVC.m */; };
		096FCA001EBC02ED00A5D8AC /* CAEaglLayerTestVC.m in Sources */ = {isa = PBXBuildFile; fileRef = 096FC9FF1EBC02ED00A5D8AC /* CAEaglLayerTestVC.m */; };
		096FCADB1EBFF50200A5D8AC /* AVPlayerTestVC.m in Sources */ = {isa = PBXBuildFile; fileRef = 096FCADA1EBFF50200A5D8AC /* AVPlayerTestVC.m */; };
		096FCADD1EBFF69900A5D8AC /* TestMov.mp4 in Resources */ = {isa = PBXBuildFile; fileRef = 096FCADC1EBFF69900A5D8AC /* TestMov.mp4 */; };
		096FCAE11EBFFAE400A5D8AC /* LayerChangeColorTestVC.m in Sources */ = {isa = PBXBuildFile; fileRef = 096FCAE01EBFFAE400A5D8AC /* LayerChangeColorTestVC.m */; };
		09F7709F1EB175C3003A62A9 /* CubicLayerTestVC.m in Sources */ = {isa = PBXBuildFile; fileRef = 09F7709E1EB175C3003A62A9 /* CubicLayerTestVC.m */; };
		09F770A21EB2C920003A62A9 /* CAScrolLayerTestVC.m in Sources */ = {isa = PBXBuildFile; fileRef = 09F770A11EB2C920003A62A9 /* CAScrolLayerTestVC.m */; };
		09F770A51EB2C939003A62A9 /* ScrollView.m in Sources */ = {isa = PBXBuildFile; fileRef = 09F770A41EB2C939003A62A9 /* ScrollView.m */; };
		09FAC1AF1EA593C50064D100 /* CAReplicatorLayerTestVC.m in Sources */ = {isa = PBXBuildFile; fileRef = 09FAC1AE1EA593C50064D100 /* CAReplicatorLayerTestVC.m */; };
		09FAC1B21EA597430064D100 /* ReflectionTestVC.m in Sources */ = {isa = PBXBuildFile; fileRef = 09FAC1B11EA597430064D100 /* ReflectionTestVC.m */; };
		09FAC1B51EA5977C0064D100 /* ReflectionView.m in Sources */ = {isa = PBXBuildFile; fileRef = 09FAC1B41EA5977C0064D100 /* ReflectionView.m */; };
		09FAC1B91EA664FA0064D100 /* ComplexTransformViewController.m in Sources */ = {isa = PBXBuildFile; fileRef = 09FAC1B81EA664FA0064D100 /* ComplexTransformViewController.m */; };
		09FAC1BC1EA6E1440064D100 /* CGAffineTransformShearTestVC.m in Sources */ = {isa = PBXBuildFile; fileRef = 09FAC1BB1EA6E1440064D100 /* CGAffineTransformShearTestVC.m */; };
		09FAC1BF1EA6E2CB0064D100 /* CATrasnform3DTestVC.m in Sources */ = {isa = PBXBuildFile; fileRef = 09FAC1BE1EA6E2CB0064D100 /* CATrasnform3DTestVC.m */; };
		09FAC1C21EA6E6F10064D100 /* CATrasnform3DTest2VC.m in Sources */ = {isa = PBXBuildFile; fileRef = 09FAC1C11EA6E6F10064D100 /* CATrasnform3DTest2VC.m */; };
		09FAC1FC1EA989A80064D100 /* CATransform3DTest3VC.m in Sources */ = {isa = PBXBuildFile; fileRef = 09FAC1FB1EA989A80064D100 /* CATransform3DTest3VC.m */; };
		09FAC1FF1EA98E2B0064D100 /* CubicTestVC.m in Sources */ = {isa = PBXBuildFile; fileRef = 09FAC1FE1EA98E2B0064D100 /* CubicTestVC.m */; };
		181939931E0B654900FAEEF0 /* BaseViewController.m in Sources */ = {isa = PBXBuildFile; fileRef = 181939921E0B654900FAEEF0 /* BaseViewController.m */; };
		1831CB521E30FD7900CBC21F /* AnchorPointEXVC.m in Sources */ = {isa = PBXBuildFile; fileRef = 1831CB3D1E30FD7900CBC21F /* AnchorPointEXVC.m */; };
		1831CB531E30FD7900CBC21F /* BorderViewController.m in Sources */ = {isa = PBXBuildFile; fileRef = 1831CB3F1E30FD7900CBC21F /* BorderViewController.m */; };
		1831CB541E30FD7900CBC21F /* ContentImageViewController.m in Sources */ = {isa = PBXBuildFile; fileRef = 1831CB411E30FD7900CBC21F /* ContentImageViewController.m */; };
		1831CB551E30FD7900CBC21F /* FilterTestVC.m in Sources */ = {isa = PBXBuildFile; fileRef = 1831CB431E30FD7900CBC21F /* FilterTestVC.m */; };
		1831CB561E30FD7900CBC21F /* GroupOpacityVC.m in Sources */ = {isa = PBXBuildFile; fileRef = 1831CB451E30FD7900CBC21F /* GroupOpacityVC.m */; };
		1831CB571E30FD7900CBC21F /* HitTestViewController.m in Sources */ = {isa = PBXBuildFile; fileRef = 1831CB471E30FD7900CBC21F /* HitTestViewController.m */; };
		1831CB581E30FD7900CBC21F /* MaskLayerTestVC.m in Sources */ = {isa = PBXBuildFile; fileRef = 1831CB491E30FD7900CBC21F /* MaskLayerTestVC.m */; };
		1831CB591E30FD7900CBC21F /* ShadowPathTestVC.m in Sources */ = {isa = PBXBuildFile; fileRef = 1831CB4C1E30FD7900CBC21F /* ShadowPathTestVC.m */; };
		1831CB5A1E30FD7900CBC21F /* ShadowTestVC.m in Sources */ = {isa = PBXBuildFile; fileRef = 1831CB4E1E30FD7900CBC21F /* ShadowTestVC.m */; };
		1831CB5B1E30FD7900CBC21F /* ZPositionViewController.m in Sources */ = {isa = PBXBuildFile; fileRef = 1831CB501E30FD7900CBC21F /* ZPositionViewController.m */; };
		1831CB5F1E30FDE000CBC21F /* CAAffineTransformVC.m in Sources */ = {isa = PBXBuildFile; fileRef = 1831CB5E1E30FDE000CBC21F /* CAAffineTransformVC.m */; };
		18D8B63E1DDA984400C6545D /* main.m in Sources */ = {isa = PBXBuildFile; fileRef = 18D8B63D1DDA984400C6545D /* main.m */; };
		18D8B6411DDA984400C6545D /* AppDelegate.m in Sources */ = {isa = PBXBuildFile; fileRef = 18D8B6401DDA984400C6545D /* AppDelegate.m */; };
		18D8B6441DDA984400C6545D /* ViewController.m in Sources */ = {isa = PBXBuildFile; fileRef = 18D8B6431DDA984400C6545D /* ViewController.m */; };
		18D8B6471DDA984400C6545D /* Main.storyboard in Resources */ = {isa = PBXBuildFile; fileRef = 18D8B6451DDA984400C6545D /* Main.storyboard */; };
		18D8B6491DDA984400C6545D /* Assets.xcassets in Resources */ = {isa = PBXBuildFile; fileRef = 18D8B6481DDA984400C6545D /* Assets.xcassets */; };
		18D8B64C1DDA984400C6545D /* LaunchScreen.storyboard in Resources */ = {isa = PBXBuildFile; fileRef = 18D8B64A1DDA984400C6545D /* LaunchScreen.storyboard */; };
		5B47F5A082375571025F08A3 /* libPods-CoreAnimationStudy.a in Frameworks */ = {isa = PBXBuildFile; fileRef = 85FC9CBD93C3515976F19B7C /* libPods-CoreAnimationStudy.a */; };
/* End PBXBuildFile section */

/* Begin PBXFileReference section */
		09362BDF1EB95D8C001FAA46 /* CATiledLayerTestVC.h */ = {isa = PBXFileReference; fileEncoding = 4; lastKnownFileType = sourcecode.c.h; path = CATiledLayerTestVC.h; sourceTree = "<group>"; };
		09362BE01EB95D8C001FAA46 /* CATiledLayerTestVC.m */ = {isa = PBXFileReference; fileEncoding = 4; lastKnownFileType = sourcecode.c.objc; path = CATiledLayerTestVC.m; sourceTree = "<group>"; };
		09362BEC1EBAAC51001FAA46 /* CAEmitterLayerTestVC.h */ = {isa = PBXFileReference; fileEncoding = 4; lastKnownFileType = sourcecode.c.h; path = CAEmitterLayerTestVC.h; sourceTree = "<group>"; };
		09362BED1EBAAC51001FAA46 /* CAEmitterLayerTestVC.m */ = {isa = PBXFileReference; fileEncoding = 4; lastKnownFileType = sourcecode.c.objc; path = CAEmitterLayerTestVC.m; sourceTree = "<group>"; };
		096FC9FE1EBC02ED00A5D8AC /* CAEaglLayerTestVC.h */ = {isa = PBXFileReference; fileEncoding = 4; lastKnownFileType = sourcecode.c.h; path = CAEaglLayerTestVC.h; sourceTree = "<group>"; };
		096FC9FF1EBC02ED00A5D8AC /* CAEaglLayerTestVC.m */ = {isa = PBXFileReference; fileEncoding = 4; lastKnownFileType = sourcecode.c.objc; path = CAEaglLayerTestVC.m; sourceTree = "<group>"; };
		096FCAD91EBFF50200A5D8AC /* AVPlayerTestVC.h */ = {isa = PBXFileReference; fileEncoding = 4; lastKnownFileType = sourcecode.c.h; path = AVPlayerTestVC.h; sourceTree = "<group>"; };
		096FCADA1EBFF50200A5D8AC /* AVPlayerTestVC.m */ = {isa = PBXFileReference; fileEncoding = 4; lastKnownFileType = sourcecode.c.objc; path = AVPlayerTestVC.m; sourceTree = "<group>"; };
		096FCADC1EBFF69900A5D8AC /* TestMov.mp4 */ = {isa = PBXFileReference; lastKnownFileType = file; path = TestMov.mp4; sourceTree = "<group>"; };
		096FCADF1EBFFAE400A5D8AC /* LayerChangeColorTestVC.h */ = {isa = PBXFileReference; fileEncoding = 4; lastKnownFileType = sourcecode.c.h; path = LayerChangeColorTestVC.h; sourceTree = "<group>"; };
		096FCAE01EBFFAE400A5D8AC /* LayerChangeColorTestVC.m */ = {isa = PBXFileReference; fileEncoding = 4; lastKnownFileType = sourcecode.c.objc; path = LayerChangeColorTestVC.m; sourceTree = "<group>"; };
		09F7709D1EB175C3003A62A9 /* CubicLayerTestVC.h */ = {isa = PBXFileReference; fileEncoding = 4; lastKnownFileType = sourcecode.c.h; path = CubicLayerTestVC.h; sourceTree = "<group>"; };
		09F7709E1EB175C3003A62A9 /* CubicLayerTestVC.m */ = {isa = PBXFileReference; fileEncoding = 4; lastKnownFileType = sourcecode.c.objc; path = CubicLayerTestVC.m; sourceTree = "<group>"; };
		09F770A01EB2C920003A62A9 /* CAScrolLayerTestVC.h */ = {isa = PBXFileReference; fileEncoding = 4; lastKnownFileType = sourcecode.c.h; path = CAScrolLayerTestVC.h; sourceTree = "<group>"; };
		09F770A11EB2C920003A62A9 /* CAScrolLayerTestVC.m */ = {isa = PBXFileReference; fileEncoding = 4; lastKnownFileType = sourcecode.c.objc; path = CAScrolLayerTestVC.m; sourceTree = "<group>"; };
		09F770A31EB2C939003A62A9 /* ScrollView.h */ = {isa = PBXFileReference; fileEncoding = 4; lastKnownFileType = sourcecode.c.h; path = ScrollView.h; sourceTree = "<group>"; };
		09F770A41EB2C939003A62A9 /* ScrollView.m */ = {isa = PBXFileReference; fileEncoding = 4; lastKnownFileType = sourcecode.c.objc; path = ScrollView.m; sourceTree = "<group>"; };
		09FAC1AD1EA593C50064D100 /* CAReplicatorLayerTestVC.h */ = {isa = PBXFileReference; fileEncoding = 4; lastKnownFileType = sourcecode.c.h; path = CAReplicatorLayerTestVC.h; sourceTree = "<group>"; };
		09FAC1AE1EA593C50064D100 /* CAReplicatorLayerTestVC.m */ = {isa = PBXFileReference; fileEncoding = 4; lastKnownFileType = sourcecode.c.objc; path = CAReplicatorLayerTestVC.m; sourceTree = "<group>"; };
		09FAC1B01EA597430064D100 /* ReflectionTestVC.h */ = {isa = PBXFileReference; fileEncoding = 4; lastKnownFileType = sourcecode.c.h; path = ReflectionTestVC.h; sourceTree = "<group>"; };
		09FAC1B11EA597430064D100 /* ReflectionTestVC.m */ = {isa = PBXFileReference; fileEncoding = 4; lastKnownFileType = sourcecode.c.objc; path = ReflectionTestVC.m; sourceTree = "<group>"; };
		09FAC1B31EA5977C0064D100 /* ReflectionView.h */ = {isa = PBXFileReference; fileEncoding = 4; lastKnownFileType = sourcecode.c.h; path = ReflectionView.h; sourceTree = "<group>"; };
		09FAC1B41EA5977C0064D100 /* ReflectionView.m */ = {isa = PBXFileReference; fileEncoding = 4; lastKnownFileType = sourcecode.c.objc; path = ReflectionView.m; sourceTree = "<group>"; };
		09FAC1B71EA664F90064D100 /* ComplexTransformViewController.h */ = {isa = PBXFileReference; fileEncoding = 4; lastKnownFileType = sourcecode.c.h; path = ComplexTransformViewController.h; sourceTree = "<group>"; };
		09FAC1B81EA664FA0064D100 /* ComplexTransformViewController.m */ = {isa = PBXFileReference; fileEncoding = 4; lastKnownFileType = sourcecode.c.objc; path = ComplexTransformViewController.m; sourceTree = "<group>"; };
		09FAC1BA1EA6E1440064D100 /* CGAffineTransformShearTestVC.h */ = {isa = PBXFileReference; fileEncoding = 4; lastKnownFileType = sourcecode.c.h; path = CGAffineTransformShearTestVC.h; sourceTree = "<group>"; };
		09FAC1BB1EA6E1440064D100 /* CGAffineTransformShearTestVC.m */ = {isa = PBXFileReference; fileEncoding = 4; lastKnownFileType = sourcecode.c.objc; path = CGAffineTransformShearTestVC.m; sourceTree = "<group>"; };
		09FAC1BD1EA6E2CB0064D100 /* CATrasnform3DTestVC.h */ = {isa = PBXFileReference; fileEncoding = 4; lastKnownFileType = sourcecode.c.h; path = CATrasnform3DTestVC.h; sourceTree = "<group>"; };
		09FAC1BE1EA6E2CB0064D100 /* CATrasnform3DTestVC.m */ = {isa = PBXFileReference; fileEncoding = 4; lastKnownFileType = sourcecode.c.objc; path = CATrasnform3DTestVC.m; sourceTree = "<group>"; };
		09FAC1C01EA6E6F10064D100 /* CATrasnform3DTest2VC.h */ = {isa = PBXFileReference; fileEncoding = 4; lastKnownFileType = sourcecode.c.h; path = CATrasnform3DTest2VC.h; sourceTree = "<group>"; };
		09FAC1C11EA6E6F10064D100 /* CATrasnform3DTest2VC.m */ = {isa = PBXFileReference; fileEncoding = 4; lastKnownFileType = sourcecode.c.objc; path = CATrasnform3DTest2VC.m; sourceTree = "<group>"; };
		09FAC1FA1EA989A80064D100 /* CATransform3DTest3VC.h */ = {isa = PBXFileReference; fileEncoding = 4; lastKnownFileType = sourcecode.c.h; path = CATransform3DTest3VC.h; sourceTree = "<group>"; };
		09FAC1FB1EA989A80064D100 /* CATransform3DTest3VC.m */ = {isa = PBXFileReference; fileEncoding = 4; lastKnownFileType = sourcecode.c.objc; path = CATransform3DTest3VC.m; sourceTree = "<group>"; };
		09FAC1FD1EA98E2B0064D100 /* CubicTestVC.h */ = {isa = PBXFileReference; fileEncoding = 4; lastKnownFileType = sourcecode.c.h; path = CubicTestVC.h; sourceTree = "<group>"; };
		09FAC1FE1EA98E2B0064D100 /* CubicTestVC.m */ = {isa = PBXFileReference; fileEncoding = 4; lastKnownFileType = sourcecode.c.objc; path = CubicTestVC.m; sourceTree = "<group>"; };
		181939911E0B654900FAEEF0 /* BaseViewController.h */ = {isa = PBXFileReference; fileEncoding = 4; lastKnownFileType = sourcecode.c.h; path = BaseViewController.h; sourceTree = "<group>"; };
		181939921E0B654900FAEEF0 /* BaseViewController.m */ = {isa = PBXFileReference; fileEncoding = 4; lastKnownFileType = sourcecode.c.objc; path = BaseViewController.m; sourceTree = "<group>"; };
		1831CB3C1E30FD7900CBC21F /* AnchorPointEXVC.h */ = {isa = PBXFileReference; fileEncoding = 4; lastKnownFileType = sourcecode.c.h; path = AnchorPointEXVC.h; sourceTree = "<group>"; };
		1831CB3D1E30FD7900CBC21F /* AnchorPointEXVC.m */ = {isa = PBXFileReference; fileEncoding = 4; lastKnownFileType = sourcecode.c.objc; path = AnchorPointEXVC.m; sourceTree = "<group>"; };
		1831CB3E1E30FD7900CBC21F /* BorderViewController.h */ = {isa = PBXFileReference; fileEncoding = 4; lastKnownFileType = sourcecode.c.h; path = BorderViewController.h; sourceTree = "<group>"; };
		1831CB3F1E30FD7900CBC21F /* BorderViewController.m */ = {isa = PBXFileReference; fileEncoding = 4; lastKnownFileType = sourcecode.c.objc; path = BorderViewController.m; sourceTree = "<group>"; };
		1831CB401E30FD7900CBC21F /* ContentImageViewController.h */ = {isa = PBXFileReference; fileEncoding = 4; lastKnownFileType = sourcecode.c.h; path = ContentImageViewController.h; sourceTree = "<group>"; };
		1831CB411E30FD7900CBC21F /* ContentImageViewController.m */ = {isa = PBXFileReference; fileEncoding = 4; lastKnownFileType = sourcecode.c.objc; path = ContentImageViewController.m; sourceTree = "<group>"; };
		1831CB421E30FD7900CBC21F /* FilterTestVC.h */ = {isa = PBXFileReference; fileEncoding = 4; lastKnownFileType = sourcecode.c.h; path = FilterTestVC.h; sourceTree = "<group>"; };
		1831CB431E30FD7900CBC21F /* FilterTestVC.m */ = {isa = PBXFileReference; fileEncoding = 4; lastKnownFileType = sourcecode.c.objc; path = FilterTestVC.m; sourceTree = "<group>"; };
		1831CB441E30FD7900CBC21F /* GroupOpacityVC.h */ = {isa = PBXFileReference; fileEncoding = 4; lastKnownFileType = sourcecode.c.h; path = GroupOpacityVC.h; sourceTree = "<group>"; };
		1831CB451E30FD7900CBC21F /* GroupOpacityVC.m */ = {isa = PBXFileReference; fileEncoding = 4; lastKnownFileType = sourcecode.c.objc; path = GroupOpacityVC.m; sourceTree = "<group>"; };
		1831CB461E30FD7900CBC21F /* HitTestViewController.h */ = {isa = PBXFileReference; fileEncoding = 4; lastKnownFileType = sourcecode.c.h; path = HitTestViewController.h; sourceTree = "<group>"; };
		1831CB471E30FD7900CBC21F /* HitTestViewController.m */ = {isa = PBXFileReference; fileEncoding = 4; lastKnownFileType = sourcecode.c.objc; path = HitTestViewController.m; sourceTree = "<group>"; };
		1831CB481E30FD7900CBC21F /* MaskLayerTestVC.h */ = {isa = PBXFileReference; fileEncoding = 4; lastKnownFileType = sourcecode.c.h; path = MaskLayerTestVC.h; sourceTree = "<group>"; };
		1831CB491E30FD7900CBC21F /* MaskLayerTestVC.m */ = {isa = PBXFileReference; fileEncoding = 4; lastKnownFileType = sourcecode.c.objc; path = MaskLayerTestVC.m; sourceTree = "<group>"; };
		1831CB4B1E30FD7900CBC21F /* ShadowPathTestVC.h */ = {isa = PBXFileReference; fileEncoding = 4; lastKnownFileType = sourcecode.c.h; path = ShadowPathTestVC.h; sourceTree = "<group>"; };
		1831CB4C1E30FD7900CBC21F /* ShadowPathTestVC.m */ = {isa = PBXFileReference; fileEncoding = 4; lastKnownFileType = sourcecode.c.objc; path = ShadowPathTestVC.m; sourceTree = "<group>"; };
		1831CB4D1E30FD7900CBC21F /* ShadowTestVC.h */ = {isa = PBXFileReference; fileEncoding = 4; lastKnownFileType = sourcecode.c.h; path = ShadowTestVC.h; sourceTree = "<group>"; };
		1831CB4E1E30FD7900CBC21F /* ShadowTestVC.m */ = {isa = PBXFileReference; fileEncoding = 4; lastKnownFileType = sourcecode.c.objc; path = ShadowTestVC.m; sourceTree = "<group>"; };
		1831CB4F1E30FD7900CBC21F /* ZPositionViewController.h */ = {isa = PBXFileReference; fileEncoding = 4; lastKnownFileType = sourcecode.c.h; path = ZPositionViewController.h; sourceTree = "<group>"; };
		1831CB501E30FD7900CBC21F /* ZPositionViewController.m */ = {isa = PBXFileReference; fileEncoding = 4; lastKnownFileType = sourcecode.c.objc; path = ZPositionViewController.m; sourceTree = "<group>"; };
		1831CB5C1E30FDB300CBC21F /* PrefixHeader.pch */ = {isa = PBXFileReference; lastKnownFileType = sourcecode.c.h; path = PrefixHeader.pch; sourceTree = "<group>"; };
		1831CB5D1E30FDE000CBC21F /* CAAffineTransformVC.h */ = {isa = PBXFileReference; fileEncoding = 4; lastKnownFileType = sourcecode.c.h; path = CAAffineTransformVC.h; sourceTree = "<group>"; };
		1831CB5E1E30FDE000CBC21F /* CAAffineTransformVC.m */ = {isa = PBXFileReference; fileEncoding = 4; lastKnownFileType = sourcecode.c.objc; path = CAAffineTransformVC.m; sourceTree = "<group>"; };
		18D8B6391DDA984400C6545D /* CoreAnimationStudy.app */ = {isa = PBXFileReference; explicitFileType = wrapper.application; includeInIndex = 0; path = CoreAnimationStudy.app; sourceTree = BUILT_PRODUCTS_DIR; };
		18D8B63D1DDA984400C6545D /* main.m */ = {isa = PBXFileReference; lastKnownFileType = sourcecode.c.objc; path = main.m; sourceTree = "<group>"; };
		18D8B63F1DDA984400C6545D /* AppDelegate.h */ = {isa = PBXFileReference; lastKnownFileType = sourcecode.c.h; path = AppDelegate.h; sourceTree = "<group>"; };
		18D8B6401DDA984400C6545D /* AppDelegate.m */ = {isa = PBXFileReference; lastKnownFileType = sourcecode.c.objc; path = AppDelegate.m; sourceTree = "<group>"; };
		18D8B6421DDA984400C6545D /* ViewController.h */ = {isa = PBXFileReference; lastKnownFileType = sourcecode.c.h; path = ViewController.h; sourceTree = "<group>"; };
		18D8B6431DDA984400C6545D /* ViewController.m */ = {isa = PBXFileReference; lastKnownFileType = sourcecode.c.objc; path = ViewController.m; sourceTree = "<group>"; };
		18D8B6461DDA984400C6545D /* Base */ = {isa = PBXFileReference; lastKnownFileType = file.storyboard; name = Base; path = Base.lproj/Main.storyboard; sourceTree = "<group>"; };
		18D8B6481DDA984400C6545D /* Assets.xcassets */ = {isa = PBXFileReference; lastKnownFileType = folder.assetcatalog; path = Assets.xcassets; sourceTree = "<group>"; };
		18D8B64B1DDA984400C6545D /* Base */ = {isa = PBXFileReference; lastKnownFileType = file.storyboard; name = Base; path = Base.lproj/LaunchScreen.storyboard; sourceTree = "<group>"; };
		18D8B64D1DDA984400C6545D /* Info.plist */ = {isa = PBXFileReference; lastKnownFileType = text.plist.xml; path = Info.plist; sourceTree = "<group>"; };
		18D8B6531DDBE55000C6545D /* PrefixHeader.pch */ = {isa = PBXFileReference; lastKnownFileType = sourcecode.c.h; path = PrefixHeader.pch; sourceTree = "<group>"; };
		85FC9CBD93C3515976F19B7C /* libPods-CoreAnimationStudy.a */ = {isa = PBXFileReference; explicitFileType = archive.ar; includeInIndex = 0; path = "libPods-CoreAnimationStudy.a"; sourceTree = BUILT_PRODUCTS_DIR; };
		CB26DCEA586F06D3906800EB /* Pods-CoreAnimationStudy.release.xcconfig */ = {isa = PBXFileReference; includeInIndex = 1; lastKnownFileType = text.xcconfig; name = "Pods-CoreAnimationStudy.release.xcconfig"; path = "Pods/Target Support Files/Pods-CoreAnimationStudy/Pods-CoreAnimationStudy.release.xcconfig"; sourceTree = "<group>"; };
		CF44D951358B63BD39C7D559 /* Pods-CoreAnimationStudy.debug.xcconfig */ = {isa = PBXFileReference; includeInIndex = 1; lastKnownFileType = text.xcconfig; name = "Pods-CoreAnimationStudy.debug.xcconfig"; path = "Pods/Target Support Files/Pods-CoreAnimationStudy/Pods-CoreAnimationStudy.debug.xcconfig"; sourceTree = "<group>"; };
/* End PBXFileReference section */

/* Begin PBXFrameworksBuildPhase section */
		18D8B6361DDA984400C6545D /* Frameworks */ = {
			isa = PBXFrameworksBuildPhase;
			buildActionMask = 2147483647;
			files = (
				5B47F5A082375571025F08A3 /* libPods-CoreAnimationStudy.a in Frameworks */,
			);
			runOnlyForDeploymentPostprocessing = 0;
		};
/* End PBXFrameworksBuildPhase section */

/* Begin PBXGroup section */
		096FCADE1EBFFAC300A5D8AC /* Chapter7 */ = {
			isa = PBXGroup;
			children = (
				096FCADF1EBFFAE400A5D8AC /* LayerChangeColorTestVC.h */,
				096FCAE01EBFFAE400A5D8AC /* LayerChangeColorTestVC.m */,
			);
			path = Chapter7;
			sourceTree = "<group>";
		};
		09FAC1A91EA593700064D100 /* Chapter6 */ = {
			isa = PBXGroup;
			children = (
				09FAC1AD1EA593C50064D100 /* CAReplicatorLayerTestVC.h */,
				09FAC1AE1EA593C50064D100 /* CAReplicatorLayerTestVC.m */,
				09F770A01EB2C920003A62A9 /* CAScrolLayerTestVC.h */,
				09F770A11EB2C920003A62A9 /* CAScrolLayerTestVC.m */,
				09F770A31EB2C939003A62A9 /* ScrollView.h */,
				09F770A41EB2C939003A62A9 /* ScrollView.m */,
				09362BDF1EB95D8C001FAA46 /* CATiledLayerTestVC.h */,
				09362BE01EB95D8C001FAA46 /* CATiledLayerTestVC.m */,
				09362BEC1EBAAC51001FAA46 /* CAEmitterLayerTestVC.h */,
				09362BED1EBAAC51001FAA46 /* CAEmitterLayerTestVC.m */,
				096FC9FE1EBC02ED00A5D8AC /* CAEaglLayerTestVC.h */,
				096FC9FF1EBC02ED00A5D8AC /* CAEaglLayerTestVC.m */,
				096FCAD91EBFF50200A5D8AC /* AVPlayerTestVC.h */,
				096FCADA1EBFF50200A5D8AC /* AVPlayerTestVC.m */,
				096FCADC1EBFF69900A5D8AC /* TestMov.mp4 */,
				09FAC1B61EA597830064D100 /* ReflectionTest */,
			);
			name = Chapter6;
			sourceTree = "<group>";
		};
		09FAC1B61EA597830064D100 /* ReflectionTest */ = {
			isa = PBXGroup;
			children = (
				09FAC1B01EA597430064D100 /* ReflectionTestVC.h */,
				09FAC1B11EA597430064D100 /* ReflectionTestVC.m */,
				09FAC1B31EA5977C0064D100 /* ReflectionView.h */,
				09FAC1B41EA5977C0064D100 /* ReflectionView.m */,
			);
			name = ReflectionTest;
			sourceTree = "<group>";
		};
		1831CB3B1E30FD7900CBC21F /* Chapter1-3 */ = {
			isa = PBXGroup;
			children = (
				1831CB3C1E30FD7900CBC21F /* AnchorPointEXVC.h */,
				1831CB3D1E30FD7900CBC21F /* AnchorPointEXVC.m */,
				1831CB3E1E30FD7900CBC21F /* BorderViewController.h */,
				1831CB3F1E30FD7900CBC21F /* BorderViewController.m */,
				1831CB401E30FD7900CBC21F /* ContentImageViewController.h */,
				1831CB411E30FD7900CBC21F /* ContentImageViewController.m */,
				1831CB421E30FD7900CBC21F /* FilterTestVC.h */,
				1831CB431E30FD7900CBC21F /* FilterTestVC.m */,
				1831CB441E30FD7900CBC21F /* GroupOpacityVC.h */,
				1831CB451E30FD7900CBC21F /* GroupOpacityVC.m */,
				1831CB461E30FD7900CBC21F /* HitTestViewController.h */,
				1831CB471E30FD7900CBC21F /* HitTestViewController.m */,
				1831CB481E30FD7900CBC21F /* MaskLayerTestVC.h */,
				1831CB491E30FD7900CBC21F /* MaskLayerTestVC.m */,
				1831CB4B1E30FD7900CBC21F /* ShadowPathTestVC.h */,
				1831CB4C1E30FD7900CBC21F /* ShadowPathTestVC.m */,
				1831CB4D1E30FD7900CBC21F /* ShadowTestVC.h */,
				1831CB4E1E30FD7900CBC21F /* ShadowTestVC.m */,
				1831CB4F1E30FD7900CBC21F /* ZPositionViewController.h */,
				1831CB501E30FD7900CBC21F /* ZPositionViewController.m */,
			);
			path = "Chapter1-3";
			sourceTree = "<group>";
		};
		1831CB511E30FD7900CBC21F /* Chapter4_Transform */ = {
			isa = PBXGroup;
			children = (
				1831CB5D1E30FDE000CBC21F /* CAAffineTransformVC.h */,
				1831CB5E1E30FDE000CBC21F /* CAAffineTransformVC.m */,
				09FAC1B71EA664F90064D100 /* ComplexTransformViewController.h */,
				09FAC1B81EA664FA0064D100 /* ComplexTransformViewController.m */,
				09FAC1BA1EA6E1440064D100 /* CGAffineTransformShearTestVC.h */,
				09FAC1BB1EA6E1440064D100 /* CGAffineTransformShearTestVC.m */,
				09FAC1BD1EA6E2CB0064D100 /* CATrasnform3DTestVC.h */,
				09FAC1BE1EA6E2CB0064D100 /* CATrasnform3DTestVC.m */,
				09FAC1C01EA6E6F10064D100 /* CATrasnform3DTest2VC.h */,
				09FAC1C11EA6E6F10064D100 /* CATrasnform3DTest2VC.m */,
				09FAC1FA1EA989A80064D100 /* CATransform3DTest3VC.h */,
				09FAC1FB1EA989A80064D100 /* CATransform3DTest3VC.m */,
				09FAC1FD1EA98E2B0064D100 /* CubicTestVC.h */,
				09FAC1FE1EA98E2B0064D100 /* CubicTestVC.m */,
				09F7709D1EB175C3003A62A9 /* CubicLayerTestVC.h */,
				09F7709E1EB175C3003A62A9 /* CubicLayerTestVC.m */,
			);
			name = Chapter4_Transform;
			path = Chapter4;
			sourceTree = "<group>";
		};
		18D8B6301DDA984400C6545D = {
			isa = PBXGroup;
			children = (
				18D8B63B1DDA984400C6545D /* CoreAnimationStudy */,
				18D8B63A1DDA984400C6545D /* Products */,
				E4F8050FE2A247D1CBAC7FCA /* Pods */,
				C1E09CF0A12ADF4E62A324EC /* Frameworks */,
			);
			sourceTree = "<group>";
		};
		18D8B63A1DDA984400C6545D /* Products */ = {
			isa = PBXGroup;
			children = (
				18D8B6391DDA984400C6545D /* CoreAnimationStudy.app */,
			);
			name = Products;
			sourceTree = "<group>";
		};
		18D8B63B1DDA984400C6545D /* CoreAnimationStudy */ = {
			isa = PBXGroup;
			children = (
				18D8B63F1DDA984400C6545D /* AppDelegate.h */,
				18D8B6401DDA984400C6545D /* AppDelegate.m */,
				18D8B6421DDA984400C6545D /* ViewController.h */,
				18D8B6431DDA984400C6545D /* ViewController.m */,
				181939911E0B654900FAEEF0 /* BaseViewController.h */,
				181939921E0B654900FAEEF0 /* BaseViewController.m */,
				1831CB5C1E30FDB300CBC21F /* PrefixHeader.pch */,
				1831CB3B1E30FD7900CBC21F /* Chapter1-3 */,
				1831CB511E30FD7900CBC21F /* Chapter4_Transform */,
				09FAC1A91EA593700064D100 /* Chapter6 */,
				096FCADE1EBFFAC300A5D8AC /* Chapter7 */,
				18D8B6451DDA984400C6545D /* Main.storyboard */,
				18D8B6481DDA984400C6545D /* Assets.xcassets */,
				18D8B64A1DDA984400C6545D /* LaunchScreen.storyboard */,
				18D8B64D1DDA984400C6545D /* Info.plist */,
				18D8B63C1DDA984400C6545D /* Supporting Files */,
			);
			path = CoreAnimationStudy;
			sourceTree = "<group>";
		};
		18D8B63C1DDA984400C6545D /* Supporting Files */ = {
			isa = PBXGroup;
			children = (
				18D8B63D1DDA984400C6545D /* main.m */,
				18D8B6531DDBE55000C6545D /* PrefixHeader.pch */,
			);
			name = "Supporting Files";
			sourceTree = "<group>";
		};
		C1E09CF0A12ADF4E62A324EC /* Frameworks */ = {
			isa = PBXGroup;
			children = (
				85FC9CBD93C3515976F19B7C /* libPods-CoreAnimationStudy.a */,
			);
			name = Frameworks;
			sourceTree = "<group>";
		};
		E4F8050FE2A247D1CBAC7FCA /* Pods */ = {
			isa = PBXGroup;
			children = (
				CF44D951358B63BD39C7D559 /* Pods-CoreAnimationStudy.debug.xcconfig */,
				CB26DCEA586F06D3906800EB /* Pods-CoreAnimationStudy.release.xcconfig */,
			);
			name = Pods;
			sourceTree = "<group>";
		};
/* End PBXGroup section */

/* Begin PBXNativeTarget section */
		18D8B6381DDA984400C6545D /* CoreAnimationStudy */ = {
			isa = PBXNativeTarget;
			buildConfigurationList = 18D8B6501DDA984400C6545D /* Build configuration list for PBXNativeTarget "CoreAnimationStudy" */;
			buildPhases = (
				3B64A5D5D60A8F598CEB0B23 /* [CP] Check Pods Manifest.lock */,
				18D8B6351DDA984400C6545D /* Sources */,
				18D8B6361DDA984400C6545D /* Frameworks */,
				18D8B6371DDA984400C6545D /* Resources */,
				2C5C587D8A40F6D0016B85B6 /* [CP] Embed Pods Frameworks */,
				59C722E627A02C9A40069260 /* [CP] Copy Pods Resources */,
			);
			buildRules = (
			);
			dependencies = (
			);
			name = CoreAnimationStudy;
			productName = CoreAnimationStudy;
			productReference = 18D8B6391DDA984400C6545D /* CoreAnimationStudy.app */;
			productType = "com.apple.product-type.application";
		};
/* End PBXNativeTarget section */

/* Begin PBXProject section */
		18D8B6311DDA984400C6545D /* Project object */ = {
			isa = PBXProject;
			attributes = {
				LastUpgradeCheck = 0800;
				ORGANIZATIONNAME = Bear;
				TargetAttributes = {
					18D8B6381DDA984400C6545D = {
						CreatedOnToolsVersion = 8.0;
						DevelopmentTeam = VT6HKJNGDV;
						ProvisioningStyle = Automatic;
					};
				};
			};
			buildConfigurationList = 18D8B6341DDA984400C6545D /* Build configuration list for PBXProject "CoreAnimationStudy" */;
			compatibilityVersion = "Xcode 3.2";
			developmentRegion = English;
			hasScannedForEncodings = 0;
			knownRegions = (
				en,
				Base,
			);
			mainGroup = 18D8B6301DDA984400C6545D;
			productRefGroup = 18D8B63A1DDA984400C6545D /* Products */;
			projectDirPath = "";
			projectRoot = "";
			targets = (
				18D8B6381DDA984400C6545D /* CoreAnimationStudy */,
			);
		};
/* End PBXProject section */

/* Begin PBXResourcesBuildPhase section */
		18D8B6371DDA984400C6545D /* Resources */ = {
			isa = PBXResourcesBuildPhase;
			buildActionMask = 2147483647;
			files = (
				096FCADD1EBFF69900A5D8AC /* TestMov.mp4 in Resources */,
				18D8B64C1DDA984400C6545D /* LaunchScreen.storyboard in Resources */,
				18D8B6491DDA984400C6545D /* Assets.xcassets in Resources */,
				18D8B6471DDA984400C6545D /* Main.storyboard in Resources */,
			);
			runOnlyForDeploymentPostprocessing = 0;
		};
/* End PBXResourcesBuildPhase section */

/* Begin PBXShellScriptBuildPhase section */
		2C5C587D8A40F6D0016B85B6 /* [CP] Embed Pods Frameworks */ = {
			isa = PBXShellScriptBuildPhase;
			buildActionMask = 2147483647;
			files = (
			);
			inputPaths = (
			);
			name = "[CP] Embed Pods Frameworks";
			outputPaths = (
			);
			runOnlyForDeploymentPostprocessing = 0;
			shellPath = /bin/sh;
			shellScript = "\"${SRCROOT}/Pods/Target Support Files/Pods-CoreAnimationStudy/Pods-CoreAnimationStudy-frameworks.sh\"\n";
			showEnvVarsInLog = 0;
		};
		3B64A5D5D60A8F598CEB0B23 /* [CP] Check Pods Manifest.lock */ = {
			isa = PBXShellScriptBuildPhase;
			buildActionMask = 2147483647;
			files = (
			);
			inputPaths = (
			);
			name = "[CP] Check Pods Manifest.lock";
			outputPaths = (
			);
			runOnlyForDeploymentPostprocessing = 0;
			shellPath = /bin/sh;
			shellScript = "diff \"${PODS_ROOT}/../Podfile.lock\" \"${PODS_ROOT}/Manifest.lock\" > /dev/null\nif [ $? != 0 ] ; then\n    # print error to STDERR\n    echo \"error: The sandbox is not in sync with the Podfile.lock. Run 'pod install' or update your CocoaPods installation.\" >&2\n    exit 1\nfi\n";
			showEnvVarsInLog = 0;
		};
		59C722E627A02C9A40069260 /* [CP] Copy Pods Resources */ = {
			isa = PBXShellScriptBuildPhase;
			buildActionMask = 2147483647;
			files = (
			);
			inputPaths = (
			);
			name = "[CP] Copy Pods Resources";
			outputPaths = (
			);
			runOnlyForDeploymentPostprocessing = 0;
			shellPath = /bin/sh;
			shellScript = "\"${SRCROOT}/Pods/Target Support Files/Pods-CoreAnimationStudy/Pods-CoreAnimationStudy-resources.sh\"\n";
			showEnvVarsInLog = 0;
		};
/* End PBXShellScriptBuildPhase section */

/* Begin PBXSourcesBuildPhase section */
		18D8B6351DDA984400C6545D /* Sources */ = {
			isa = PBXSourcesBuildPhase;
			buildActionMask = 2147483647;
			files = (
				09FAC1BC1EA6E1440064D100 /* CGAffineTransformShearTestVC.m in Sources */,
				1831CB5B1E30FD7900CBC21F /* ZPositionViewController.m in Sources */,
				09F770A51EB2C939003A62A9 /* ScrollView.m in Sources */,
				1831CB551E30FD7900CBC21F /* FilterTestVC.m in Sources */,
				09F7709F1EB175C3003A62A9 /* CubicLayerTestVC.m in Sources */,
				18D8B6441DDA984400C6545D /* ViewController.m in Sources */,
				09FAC1AF1EA593C50064D100 /* CAReplicatorLayerTestVC.m in Sources */,
				1831CB5A1E30FD7900CBC21F /* ShadowTestVC.m in Sources */,
				181939931E0B654900FAEEF0 /* BaseViewController.m in Sources */,
				09F770A21EB2C920003A62A9 /* CAScrolLayerTestVC.m in Sources */,
				09FAC1C21EA6E6F10064D100 /* CATrasnform3DTest2VC.m in Sources */,
				1831CB531E30FD7900CBC21F /* BorderViewController.m in Sources */,
				1831CB571E30FD7900CBC21F /* HitTestViewController.m in Sources */,
				1831CB591E30FD7900CBC21F /* ShadowPathTestVC.m in Sources */,
				096FCAE11EBFFAE400A5D8AC /* LayerChangeColorTestVC.m in Sources */,
				1831CB5F1E30FDE000CBC21F /* CAAffineTransformVC.m in Sources */,
				096FCA001EBC02ED00A5D8AC /* CAEaglLayerTestVC.m in Sources */,
				09FAC1FC1EA989A80064D100 /* CATransform3DTest3VC.m in Sources */,
				18D8B6411DDA984400C6545D /* AppDelegate.m in Sources */,
				1831CB541E30FD7900CBC21F /* ContentImageViewController.m in Sources */,
				09FAC1B51EA5977C0064D100 /* ReflectionView.m in Sources */,
				18D8B63E1DDA984400C6545D /* main.m in Sources */,
				09FAC1B21EA597430064D100 /* ReflectionTestVC.m in Sources */,
				09362BEE1EBAAC51001FAA46 /* CAEmitterLayerTestVC.m in Sources */,
				1831CB581E30FD7900CBC21F /* MaskLayerTestVC.m in Sources */,
				096FCADB1EBFF50200A5D8AC /* AVPlayerTestVC.m in Sources */,
				09FAC1B91EA664FA0064D100 /* ComplexTransformViewController.m in Sources */,
				09FAC1BF1EA6E2CB0064D100 /* CATrasnform3DTestVC.m in Sources */,
				1831CB561E30FD7900CBC21F /* GroupOpacityVC.m in Sources */,
				1831CB521E30FD7900CBC21F /* AnchorPointEXVC.m in Sources */,
				09FAC1FF1EA98E2B0064D100 /* CubicTestVC.m in Sources */,
				09362BE11EB95D8C001FAA46 /* CATiledLayerTestVC.m in Sources */,
			);
			runOnlyForDeploymentPostprocessing = 0;
		};
/* End PBXSourcesBuildPhase section */

/* Begin PBXVariantGroup section */
		18D8B6451DDA984400C6545D /* Main.storyboard */ = {
			isa = PBXVariantGroup;
			children = (
				18D8B6461DDA984400C6545D /* Base */,
			);
			name = Main.storyboard;
			sourceTree = "<group>";
		};
		18D8B64A1DDA984400C6545D /* LaunchScreen.storyboard */ = {
			isa = PBXVariantGroup;
			children = (
				18D8B64B1DDA984400C6545D /* Base */,
			);
			name = LaunchScreen.storyboard;
			sourceTree = "<group>";
		};
/* End PBXVariantGroup section */

/* Begin XCBuildConfiguration section */
		18D8B64E1DDA984400C6545D /* Debug */ = {
			isa = XCBuildConfiguration;
			buildSettings = {
				ALWAYS_SEARCH_USER_PATHS = NO;
				CLANG_ANALYZER_NONNULL = YES;
				CLANG_CXX_LANGUAGE_STANDARD = "gnu++0x";
				CLANG_CXX_LIBRARY = "libc++";
				CLANG_ENABLE_MODULES = YES;
				CLANG_ENABLE_OBJC_ARC = YES;
				CLANG_WARN_BOOL_CONVERSION = YES;
				CLANG_WARN_CONSTANT_CONVERSION = YES;
				CLANG_WARN_DIRECT_OBJC_ISA_USAGE = YES_ERROR;
				CLANG_WARN_DOCUMENTATION_COMMENTS = YES;
				CLANG_WARN_EMPTY_BODY = YES;
				CLANG_WARN_ENUM_CONVERSION = YES;
				CLANG_WARN_INFINITE_RECURSION = YES;
				CLANG_WARN_INT_CONVERSION = YES;
				CLANG_WARN_OBJC_ROOT_CLASS = YES_ERROR;
				CLANG_WARN_SUSPICIOUS_MOVES = YES;
				CLANG_WARN_UNREACHABLE_CODE = YES;
				CLANG_WARN__DUPLICATE_METHOD_MATCH = YES;
				"CODE_SIGN_IDENTITY[sdk=iphoneos*]" = "iPhone Developer";
				COPY_PHASE_STRIP = NO;
				DEBUG_INFORMATION_FORMAT = dwarf;
				ENABLE_STRICT_OBJC_MSGSEND = YES;
				ENABLE_TESTABILITY = YES;
				GCC_C_LANGUAGE_STANDARD = gnu99;
				GCC_DYNAMIC_NO_PIC = NO;
				GCC_NO_COMMON_BLOCKS = YES;
				GCC_OPTIMIZATION_LEVEL = 0;
				GCC_PREPROCESSOR_DEFINITIONS = (
					"DEBUG=1",
					"$(inherited)",
				);
				GCC_WARN_64_TO_32_BIT_CONVERSION = YES;
				GCC_WARN_ABOUT_RETURN_TYPE = YES_ERROR;
				GCC_WARN_UNDECLARED_SELECTOR = YES;
				GCC_WARN_UNINITIALIZED_AUTOS = YES_AGGRESSIVE;
				GCC_WARN_UNUSED_FUNCTION = YES;
				GCC_WARN_UNUSED_VARIABLE = YES;
				IPHONEOS_DEPLOYMENT_TARGET = 10.0;
				MTL_ENABLE_DEBUG_INFO = YES;
				ONLY_ACTIVE_ARCH = YES;
				SDKROOT = iphoneos;
				TARGETED_DEVICE_FAMILY = "1,2";
			};
			name = Debug;
		};
		18D8B64F1DDA984400C6545D /* Release */ = {
			isa = XCBuildConfiguration;
			buildSettings = {
				ALWAYS_SEARCH_USER_PATHS = NO;
				CLANG_ANALYZER_NONNULL = YES;
				CLANG_CXX_LANGUAGE_STANDARD = "gnu++0x";
				CLANG_CXX_LIBRARY = "libc++";
				CLANG_ENABLE_MODULES = YES;
				CLANG_ENABLE_OBJC_ARC = YES;
				CLANG_WARN_BOOL_CONVERSION = YES;
				CLANG_WARN_CONSTANT_CONVERSION = YES;
				CLANG_WARN_DIRECT_OBJC_ISA_USAGE = YES_ERROR;
				CLANG_WARN_DOCUMENTATION_COMMENTS = YES;
				CLANG_WARN_EMPTY_BODY = YES;
				CLANG_WARN_ENUM_CONVERSION = YES;
				CLANG_WARN_INFINITE_RECURSION = YES;
				CLANG_WARN_INT_CONVERSION = YES;
				CLANG_WARN_OBJC_ROOT_CLASS = YES_ERROR;
				CLANG_WARN_SUSPICIOUS_MOVES = YES;
				CLANG_WARN_UNREACHABLE_CODE = YES;
				CLANG_WARN__DUPLICATE_METHOD_MATCH = YES;
				"CODE_SIGN_IDENTITY[sdk=iphoneos*]" = "iPhone Developer";
				COPY_PHASE_STRIP = NO;
				DEBUG_INFORMATION_FORMAT = "dwarf-with-dsym";
				ENABLE_NS_ASSERTIONS = NO;
				ENABLE_STRICT_OBJC_MSGSEND = YES;
				GCC_C_LANGUAGE_STANDARD = gnu99;
				GCC_NO_COMMON_BLOCKS = YES;
				GCC_WARN_64_TO_32_BIT_CONVERSION = YES;
				GCC_WARN_ABOUT_RETURN_TYPE = YES_ERROR;
				GCC_WARN_UNDECLARED_SELECTOR = YES;
				GCC_WARN_UNINITIALIZED_AUTOS = YES_AGGRESSIVE;
				GCC_WARN_UNUSED_FUNCTION = YES;
				GCC_WARN_UNUSED_VARIABLE = YES;
				IPHONEOS_DEPLOYMENT_TARGET = 10.0;
				MTL_ENABLE_DEBUG_INFO = NO;
				SDKROOT = iphoneos;
				TARGETED_DEVICE_FAMILY = "1,2";
				VALIDATE_PRODUCT = YES;
			};
			name = Release;
		};
		18D8B6511DDA984400C6545D /* Debug */ = {
			isa = XCBuildConfiguration;
			baseConfigurationReference = CF44D951358B63BD39C7D559 /* Pods-CoreAnimationStudy.debug.xcconfig */;
			buildSettings = {
				ASSETCATALOG_COMPILER_APPICON_NAME = AppIcon;
				DEVELOPMENT_TEAM = VT6HKJNGDV;
				GCC_PREFIX_HEADER = $SRCROOT/CoreAnimationStudy/PrefixHeader.pch;
				INFOPLIST_FILE = CoreAnimationStudy/Info.plist;
				LD_RUNPATH_SEARCH_PATHS = "$(inherited) @executable_path/Frameworks";
				PRODUCT_BUNDLE_IDENTIFIER = com.Bear.CoreAnimationStudy;
				PRODUCT_NAME = "$(TARGET_NAME)";
			};
			name = Debug;
		};
		18D8B6521DDA984400C6545D /* Release */ = {
			isa = XCBuildConfiguration;
			baseConfigurationReference = CB26DCEA586F06D3906800EB /* Pods-CoreAnimationStudy.release.xcconfig */;
			buildSettings = {
				ASSETCATALOG_COMPILER_APPICON_NAME = AppIcon;
				DEVELOPMENT_TEAM = VT6HKJNGDV;
				GCC_PREFIX_HEADER = $SRCROOT/CoreAnimationStudy/PrefixHeader.pch;
				INFOPLIST_FILE = CoreAnimationStudy/Info.plist;
				LD_RUNPATH_SEARCH_PATHS = "$(inherited) @executable_path/Frameworks";
				PRODUCT_BUNDLE_IDENTIFIER = com.Bear.CoreAnimationStudy;
				PRODUCT_NAME = "$(TARGET_NAME)";
			};
			name = Release;
		};
/* End XCBuildConfiguration section */

/* Begin XCConfigurationList section */
		18D8B6341DDA984400C6545D /* Build configuration list for PBXProject "CoreAnimationStudy" */ = {
			isa = XCConfigurationList;
			buildConfigurations = (
				18D8B64E1DDA984400C6545D /* Debug */,
				18D8B64F1DDA984400C6545D /* Release */,
			);
			defaultConfigurationIsVisible = 0;
			defaultConfigurationName = Release;
		};
		18D8B6501DDA984400C6545D /* Build configuration list for PBXNativeTarget "CoreAnimationStudy" */ = {
			isa = XCConfigurationList;
			buildConfigurations = (
				18D8B6511DDA984400C6545D /* Debug */,
				18D8B6521DDA984400C6545D /* Release */,
			);
			defaultConfigurationIsVisible = 0;
			defaultConfigurationName = Release;
		};
/* End XCConfigurationList section */
	};
	rootObject = 18D8B6311DDA984400C6545D /* Project object */;
}
